
Microsoft Visual Studio Solution File, Format Version 12.00
# Visual Studio Version 16
VisualStudioVersion = 16.0.31321.278
MinimumVisualStudioVersion = 10.0.40219.1
Project("{FAE04EC0-301F-11D3-BF4B-00C04F79EFBC}") = "IYFRaipur.Android", "IYFRaipur.Android\IYFRaipur.Android.csproj", "{A640A218-73E6-4B75-A4C2-EE4478B7E0B4}"
EndProject
Project("{FAE04EC0-301F-11D3-BF4B-00C04F79EFBC}") = "IYFRaipur", "IYFRaipur\IYFRaipur.csproj", "{91B5382E-9218-4177-91F2-70FDD80B5C43}"
EndProject
Global
	GlobalSection(SolutionConfigurationPlatforms) = preSolution
		Debug|Any CPU = Debug|Any CPU
		Release|Any CPU = Release|Any CPU
	EndGlobalSection
	GlobalSection(ProjectConfigurationPlatforms) = postSolution
		{A640A218-73E6-4B75-A4C2-EE4478B7E0B4}.Debug|Any CPU.ActiveCfg = Debug|Any CPU
		{A640A218-73E6-4B75-A4C2-EE4478B7E0B4}.Debug|Any CPU.Build.0 = Debug|Any CPU
		{A640A218-73E6-4B75-A4C2-EE4478B7E0B4}.Debug|Any CPU.Deploy.0 = Debug|Any CPU
		{A640A218-73E6-4B75-A4C2-EE4478B7E0B4}.Release|Any CPU.ActiveCfg = Release|Any CPU
		{A640A218-73E6-4B75-A4C2-EE4478B7E0B4}.Release|Any CPU.Build.0 = Release|Any CPU
		{A640A218-73E6-4B75-A4C2-EE4478B7E0B4}.Release|Any CPU.Deploy.0 = Release|Any CPU
		{91B5382E-9218-4177-91F2-70FDD80B5C43}.Debug|Any CPU.ActiveCfg = Debug|Any CPU
		{91B5382E-9218-4177-91F2-70FDD80B5C43}.Debug|Any CPU.Build.0 = Debug|Any CPU
		{91B5382E-9218-4177-91F2-70FDD80B5C43}.Debug|Any CPU.Deploy.0 = Debug|Any CPU
		{91B5382E-9218-4177-91F2-70FDD80B5C43}.Release|Any CPU.ActiveCfg = Release|Any CPU
		{91B5382E-9218-4177-91F2-70FDD80B5C43}.Release|Any CPU.Build.0 = Release|Any CPU
		{91B5382E-9218-4177-91F2-70FDD80B5C43}.Release|Any CPU.Deploy.0 = Release|Any CPU
	EndGlobalSection
	GlobalSection(SolutionProperties) = preSolution
		HideSolutionNode = FALSE
	EndGlobalSection
	GlobalSection(ExtensibilityGlobals) = postSolution
		SolutionGuid = {B4395A6D-79E9-4B14-ADD6-B3D183DB6E62}
	EndGlobalSection
EndGlobal
